
Microsoft Visual Studio Solution File, Format Version 12.00
# Visual Studio 15
VisualStudioVersion = 15.0.28010.2036
MinimumVisualStudioVersion = 10.0.40219.1
Project("{FAE04EC0-301F-11D3-BF4B-00C04F79EFBC}") = "OOP_Threads", "OOP_Threads\OOP_Threads.csproj", "{6DCFAE53-F4F1-4C6A-9967-7E2C9E4E1B12}"
EndProject
Project("{FAE04EC0-301F-11D3-BF4B-00C04F79EFBC}") = "Alarm", "Alarm\Alarm.csproj", "{BCAE4666-105D-4F37-809B-3A353D2C9D40}"
EndProject
Project("{FAE04EC0-301F-11D3-BF4B-00C04F79EFBC}") = "Aufgabe 1", "Heimserver\Aufgabe 1.csproj", "{7EAFA2C8-CDE3-4185-BBF9-623A00A9BD0E}"
EndProject
Global
	GlobalSection(SolutionConfigurationPlatforms) = preSolution
		Debug|Any CPU = Debug|Any CPU
		Release|Any CPU = Release|Any CPU
	EndGlobalSection
	GlobalSection(ProjectConfigurationPlatforms) = postSolution
		{6DCFAE53-F4F1-4C6A-9967-7E2C9E4E1B12}.Debug|Any CPU.ActiveCfg = Debug|Any CPU
		{6DCFAE53-F4F1-4C6A-9967-7E2C9E4E1B12}.Debug|Any CPU.Build.0 = Debug|Any CPU
		{6DCFAE53-F4F1-4C6A-9967-7E2C9E4E1B12}.Release|Any CPU.ActiveCfg = Release|Any CPU
		{6DCFAE53-F4F1-4C6A-9967-7E2C9E4E1B12}.Release|Any CPU.Build.0 = Release|Any CPU
		{BCAE4666-105D-4F37-809B-3A353D2C9D40}.Debug|Any CPU.ActiveCfg = Debug|Any CPU
		{BCAE4666-105D-4F37-809B-3A353D2C9D40}.Debug|Any CPU.Build.0 = Debug|Any CPU
		{BCAE4666-105D-4F37-809B-3A353D2C9D40}.Release|Any CPU.ActiveCfg = Release|Any CPU
		{BCAE4666-105D-4F37-809B-3A353D2C9D40}.Release|Any CPU.Build.0 = Release|Any CPU
		{7EAFA2C8-CDE3-4185-BBF9-623A00A9BD0E}.Debug|Any CPU.ActiveCfg = Debug|Any CPU
		{7EAFA2C8-CDE3-4185-BBF9-623A00A9BD0E}.Debug|Any CPU.Build.0 = Debug|Any CPU
		{7EAFA2C8-CDE3-4185-BBF9-623A00A9BD0E}.Release|Any CPU.ActiveCfg = Release|Any CPU
		{7EAFA2C8-CDE3-4185-BBF9-623A00A9BD0E}.Release|Any CPU.Build.0 = Release|Any CPU
	EndGlobalSection
	GlobalSection(SolutionProperties) = preSolution
		HideSolutionNode = FALSE
	EndGlobalSection
	GlobalSection(ExtensibilityGlobals) = postSolution
		SolutionGuid = {76D45DA3-38D4-48CB-B6C2-862FCD38FDD8}
	EndGlobalSection
EndGlobal
