
Microsoft Visual Studio Solution File, Format Version 12.00
# Visual Studio 15
VisualStudioVersion = 15.0.28010.2036
MinimumVisualStudioVersion = 10.0.40219.1
Project("{FAE04EC0-301F-11D3-BF4B-00C04F79EFBC}") = "Erdeben", "Erdeben\Erdeben.csproj", "{F7B03B27-23A3-432E-AA81-3A09906E89FA}"
EndProject
Project("{FAE04EC0-301F-11D3-BF4B-00C04F79EFBC}") = "Erdeben_V2", "Erdeben_V2\Erdeben_V2.csproj", "{F24AAC33-8823-4C53-B7E2-CDD2A767F0F1}"
EndProject
Project("{FAE04EC0-301F-11D3-BF4B-00C04F79EFBC}") = "GeburtenSimulation", "GeburtenSimulation\GeburtenSimulation.csproj", "{8FAE5E1C-96BF-4F3E-870E-9BF6E862E864}"
EndProject
Project("{FAE04EC0-301F-11D3-BF4B-00C04F79EFBC}") = "Erdbeben_V3", "Erdbeben_V3\Erdbeben_V3.csproj", "{1F70903D-ABE0-4816-AA86-922CF694FC4B}"
EndProject
Global
	GlobalSection(SolutionConfigurationPlatforms) = preSolution
		Debug|Any CPU = Debug|Any CPU
		Release|Any CPU = Release|Any CPU
	EndGlobalSection
	GlobalSection(ProjectConfigurationPlatforms) = postSolution
		{F7B03B27-23A3-432E-AA81-3A09906E89FA}.Debug|Any CPU.ActiveCfg = Debug|Any CPU
		{F7B03B27-23A3-432E-AA81-3A09906E89FA}.Debug|Any CPU.Build.0 = Debug|Any CPU
		{F7B03B27-23A3-432E-AA81-3A09906E89FA}.Release|Any CPU.ActiveCfg = Release|Any CPU
		{F7B03B27-23A3-432E-AA81-3A09906E89FA}.Release|Any CPU.Build.0 = Release|Any CPU
		{F24AAC33-8823-4C53-B7E2-CDD2A767F0F1}.Debug|Any CPU.ActiveCfg = Debug|Any CPU
		{F24AAC33-8823-4C53-B7E2-CDD2A767F0F1}.Debug|Any CPU.Build.0 = Debug|Any CPU
		{F24AAC33-8823-4C53-B7E2-CDD2A767F0F1}.Release|Any CPU.ActiveCfg = Release|Any CPU
		{F24AAC33-8823-4C53-B7E2-CDD2A767F0F1}.Release|Any CPU.Build.0 = Release|Any CPU
		{8FAE5E1C-96BF-4F3E-870E-9BF6E862E864}.Debug|Any CPU.ActiveCfg = Debug|Any CPU
		{8FAE5E1C-96BF-4F3E-870E-9BF6E862E864}.Debug|Any CPU.Build.0 = Debug|Any CPU
		{8FAE5E1C-96BF-4F3E-870E-9BF6E862E864}.Release|Any CPU.ActiveCfg = Release|Any CPU
		{8FAE5E1C-96BF-4F3E-870E-9BF6E862E864}.Release|Any CPU.Build.0 = Release|Any CPU
		{1F70903D-ABE0-4816-AA86-922CF694FC4B}.Debug|Any CPU.ActiveCfg = Debug|Any CPU
		{1F70903D-ABE0-4816-AA86-922CF694FC4B}.Debug|Any CPU.Build.0 = Debug|Any CPU
		{1F70903D-ABE0-4816-AA86-922CF694FC4B}.Release|Any CPU.ActiveCfg = Release|Any CPU
		{1F70903D-ABE0-4816-AA86-922CF694FC4B}.Release|Any CPU.Build.0 = Release|Any CPU
	EndGlobalSection
	GlobalSection(SolutionProperties) = preSolution
		HideSolutionNode = FALSE
	EndGlobalSection
	GlobalSection(ExtensibilityGlobals) = postSolution
		SolutionGuid = {779DE951-FDC8-4DB6-875C-1CB8EF817470}
	EndGlobalSection
EndGlobal
